lockfileVersion: '9.0'

settings:
  autoInstallPeers: true
  excludeLinksFromLockfile: false

importers:
  .:
    dependencies:
      cac:
        specifier: ^6.7.14
        version: 6.7.14
      micro-eth-signer:
        specifier: ^0.13.2
        version: 0.13.2
      ox:
        specifier: ^0.6.4
        version: 0.6.4
      viem:
        specifier: ^2.22.8
        version: 2.22.8

packages:
  '@adraffy/ens-normalize@1.11.0':
    resolution:
      {
        integrity: sha512-/3DDPKHqqIqxUULp8yP4zODUY1i+2xvVWsv8A79xGWdCAG+8sb0hRh0Rk2QyOJUnnbyPUAZYcpBuRe3nS2OIUg==,
      }

  '@noble/curves@1.7.0':
    resolution:
      {
        integrity: sha512-UTMhXK9SeDhFJVrHeUJ5uZlI6ajXg10O6Ddocf9S6GjbSBVZsJo88HzKwXznNfGpMTRDyJkqMjNDPYgf0qFWnw==,
      }
    engines: { node: ^14.21.3 || >=16 }

  '@noble/hashes@1.6.0':
    resolution:
      {
        integrity: sha512-YUULf0Uk4/mAA89w+k3+yUYh6NrEvxZa5T6SY3wlMvE2chHkxFUUIDI8/XW1QSC357iA5pSnqt7XEhvFOqmDyQ==,
      }
    engines: { node: ^14.21.3 || >=16 }

  '@noble/hashes@1.6.1':
    resolution:
      {
        integrity: sha512-pq5D8h10hHBjyqX+cfBm0i8JUXJ0UhczFc4r74zbuT9XgewFo2E3J1cOaGtdZynILNmQ685YWGzGE1Zv6io50w==,
      }
    engines: { node: ^14.21.3 || >=16 }

  '@scure/base@1.2.1':
    resolution:
      {
        integrity: sha512-DGmGtC8Tt63J5GfHgfl5CuAXh96VF/LD8K9Hr/Gv0J2lAoRGlPOMpqMpMbCTOoOJMZCk2Xt+DskdDyn6dEFdzQ==,
      }

  '@scure/bip32@1.6.0':
    resolution:
      {
        integrity: sha512-82q1QfklrUUdXJzjuRU7iG7D7XiFx5PHYVS0+oeNKhyDLT7WPqs6pBcM2W5ZdwOwKCwoE1Vy1se+DHjcXwCYnA==,
      }

  '@scure/bip39@1.5.0':
    resolution:
      {
        integrity: sha512-Dop+ASYhnrwm9+HA/HwXg7j2ZqM6yk2fyLWb5znexjctFY3+E+eU8cIWI0Pql0Qx4hPZCijlGq4OL71g+Uz30A==,
      }

  abitype@1.0.7:
    resolution:
      {
        integrity: sha512-ZfYYSktDQUwc2eduYu8C4wOs+RDPmnRYMh7zNfzeMtGGgb0U+6tLGjixUic6mXf5xKKCcgT5Qp6cv39tOARVFw==,
      }
    peerDependencies:
      typescript: '>=5.0.4'
      zod: ^3 >=3.22.0
    peerDependenciesMeta:
      typescript:
        optional: true
      zod:
        optional: true

  cac@6.7.14:
    resolution:
      {
        integrity: sha512-b6Ilus+c3RrdDk+JhLKUAQfzzgLEPy6wcXqS7f/xe1EETvsDP6GORG7SFuOs6cID5YkqchW/LXZbX5bc8j7ZcQ==,
      }
    engines: { node: '>=8' }

  eventemitter3@5.0.1:
    resolution:
      {
        integrity: sha512-GWkBvjiSZK87ELrYOSESUYeVIc9mvLLf/nXalMOS5dYrgZq9o5OVkbZAVM06CVxYsCwH9BDZFPlQTlPA1j4ahA==,
      }

  isows@1.0.6:
    resolution:
      {
        integrity: sha512-lPHCayd40oW98/I0uvgaHKWCSvkzY27LjWLbtzOm64yQ+G3Q5npjjbdppU65iZXkK1Zt+kH9pfegli0AYfwYYw==,
      }
    peerDependencies:
      ws: '*'

  micro-eth-signer@0.13.2:
    resolution:
      {
        integrity: sha512-HBZZmcO0LnqlwjmmlsxeyYj9dzS/xaw5LnwcFkS1Y9zRCwClkwhsDGRCQHGY8NlDdUO9n85PoQZKpChAaX7CnQ==,
      }

  micro-packed@0.7.1:
    resolution:
      {
        integrity: sha512-Ab7jfxdnrwH3QtHNkz+hIwPxfl7IXPDcODZ0ED645uqHn/iijboGhBfUk5H53mdbmrbiQxagmUYkbzrYKEDwLA==,
      }

  ox@0.6.0:
    resolution:
      {
        integrity: sha512-blUzTLidvUlshv0O02CnLFqBLidNzPoAZdIth894avUAotTuWziznv6IENv5idRuOSSP3dH8WzcYw84zVdu0Aw==,
      }
    peerDependencies:
      typescript: '>=5.4.0'
    peerDependenciesMeta:
      typescript:
        optional: true

  ox@0.6.4:
    resolution:
      {
        integrity: sha512-DkGOlUyt0QgXkkFOBiUEM9TCj2/DPrjqsOfwRN7QGRMoeNh0T6Qr8nlsyNeYgd0jtJkKxJL6ER7GVxQmCJPACw==,
      }
    peerDependencies:
      typescript: '>=5.4.0'
    peerDependenciesMeta:
      typescript:
        optional: true

  viem@2.22.8:
    resolution:
      {
        integrity: sha512-iB3PW/a/qzpYbpjo3R662u6a/zo6piZHez/N/bOC25C79FYXBCs8mQDqwiHk3FYErUhS4KVZLabKV9zGMd+EgQ==,
      }
    peerDependencies:
      typescript: '>=5.0.4'
    peerDependenciesMeta:
      typescript:
        optional: true

  webauthn-p256@0.0.10:
    resolution:
      {
        integrity: sha512-EeYD+gmIT80YkSIDb2iWq0lq2zbHo1CxHlQTeJ+KkCILWpVy3zASH3ByD4bopzfk0uCwXxLqKGLqp2W4O28VFA==,
      }

  ws@8.18.0:
    resolution:
      {
        integrity: sha512-8VbfWfHLbbwu3+N6OKsOMpBdT4kXPDDB9cJk2bJ6mh9ucxdlnNvH1e+roYkKmN9Nxw2yjz7VzeO9oOz2zJ04Pw==,
      }
    engines: { node: '>=10.0.0' }
    peerDependencies:
      bufferutil: ^4.0.1
      utf-8-validate: '>=5.0.2'
    peerDependenciesMeta:
      bufferutil:
        optional: true
      utf-8-validate:
        optional: true

snapshots:
  '@adraffy/ens-normalize@1.11.0': {}

  '@noble/curves@1.7.0':
    dependencies:
      '@noble/hashes': 1.6.0

  '@noble/hashes@1.6.0': {}

  '@noble/hashes@1.6.1': {}

  '@scure/base@1.2.1': {}

  '@scure/bip32@1.6.0':
    dependencies:
      '@noble/curves': 1.7.0
      '@noble/hashes': 1.6.1
      '@scure/base': 1.2.1

  '@scure/bip39@1.5.0':
    dependencies:
      '@noble/hashes': 1.6.1
      '@scure/base': 1.2.1

  abitype@1.0.7: {}

  cac@6.7.14: {}

  eventemitter3@5.0.1: {}

  isows@1.0.6(ws@8.18.0):
    dependencies:
      ws: 8.18.0

  micro-eth-signer@0.13.2:
    dependencies:
      '@noble/curves': 1.7.0
      '@noble/hashes': 1.6.1
      micro-packed: 0.7.1

  micro-packed@0.7.1:
    dependencies:
      '@scure/base': 1.2.1

  ox@0.6.0:
    dependencies:
      '@adraffy/ens-normalize': 1.11.0
      '@noble/curves': 1.7.0
      '@noble/hashes': 1.6.1
      '@scure/bip32': 1.6.0
      '@scure/bip39': 1.5.0
      abitype: 1.0.7
      eventemitter3: 5.0.1
    transitivePeerDependencies:
      - zod

  ox@0.6.4:
    dependencies:
      '@adraffy/ens-normalize': 1.11.0
      '@noble/curves': 1.7.0
      '@noble/hashes': 1.6.1
      '@scure/bip32': 1.6.0
      '@scure/bip39': 1.5.0
      abitype: 1.0.7
      eventemitter3: 5.0.1
    transitivePeerDependencies:
      - zod

  viem@2.22.8:
    dependencies:
      '@noble/curves': 1.7.0
      '@noble/hashes': 1.6.1
      '@scure/bip32': 1.6.0
      '@scure/bip39': 1.5.0
      abitype: 1.0.7
      isows: 1.0.6(ws@8.18.0)
      ox: 0.6.0
      webauthn-p256: 0.0.10
      ws: 8.18.0
    transitivePeerDependencies:
      - bufferutil
      - utf-8-validate
      - zod

  webauthn-p256@0.0.10:
    dependencies:
      '@noble/curves': 1.7.0
      '@noble/hashes': 1.6.1

  ws@8.18.0: {}
